<?xml version="1.0" encoding="utf-8"?>
<Project ToolsVersion="4.0" xmlns="http://schemas.microsoft.com/developer/msbuild/2003">
  <ItemGroup>
    <Filter Include="Source Files">
      <UniqueIdentifier>{4FC737F1-C7A5-4376-A066-2A32D752A2FF}</UniqueIdentifier>
      <Extensions>cpp;c;cc;cxx;c++;cppm;ixx;def;odl;idl;hpj;bat;asm;asmx</Extensions>
    </Filter>
    <Filter Include="Header Files">
      <UniqueIdentifier>{93995380-89BD-4b04-88EB-625FBE52EBFB}</UniqueIdentifier>
      <Extensions>h;hh;hpp;hxx;h++;hm;inl;inc;ipp;xsd</Extensions>
    </Filter>
    <Filter Include="Resource Files">
      <UniqueIdentifier>{67DA6AB6-F800-4c08-8B7A-83BB121AAD01}</UniqueIdentifier>
      <Extensions>rc;ico;cur;bmp;dlg;rc2;rct;bin;rgs;gif;jpg;jpeg;jpe;resx;tiff;tif;png;wav;mfcribbon-ms</Extensions>
    </Filter>
    <Filter Include="Resource Files\LexerTests">
      <UniqueIdentifier>{90214ed0-a74a-4465-9415-18543587e9c5}</UniqueIdentifier>
    </Filter>
  </ItemGroup>
  <ItemGroup>
    <ClInclude Include="catch.hpp">
      <Filter>Header Files</Filter>
    </ClInclude>
    <ClInclude Include="IOTest.h">
      <Filter>Header Files</Filter>
    </ClInclude>
    <ClInclude Include="LexerTest.h">
      <Filter>Header Files</Filter>
    </ClInclude>
  </ItemGroup>
  <ItemGroup>
    <None Include="TestSamples\test.kt">
      <Filter>Resource Files</Filter>
    </None>
    <None Include="TestSamples\Comments.kt">
      <Filter>Resource Files</Filter>
    </None>
    <None Include="TestSamples\LexerTests\SimpleTest.kt">
      <Filter>Resource Files\LexerTests</Filter>
    </None>
    <None Include="TestSamples\LexerTests\MultilineComments.kt">
      <Filter>Resource Files\LexerTests</Filter>
    </None>
    <None Include="TestSamples\LexerTests\SinglelineComments.kt">
      <Filter>Resource Files\LexerTests</Filter>
    </None>
    <None Include="TestSamples\LexerTests\RawStrings.kt">
      <Filter>Resource Files\LexerTests</Filter>
    </None>
    <None Include="TestSamples\LexerTests\Integers.kt">
      <Filter>Resource Files\LexerTests</Filter>
    </None>
    <None Include="TestSamples\LexerTests\Floats.kt">
      <Filter>Resource Files\LexerTests</Filter>
    </None>
    <None Include="TestSamples\LexerTests\Doubles.kt">
      <Filter>Resource Files\LexerTests</Filter>
    </None>
    <None Include="TestSamples\LexerTests\HexInts.kt">
      <Filter>Resource Files\LexerTests</Filter>
    </None>
    <None Include="TestSamples\LexerTests\CommentsErrors.kt">
      <Filter>Resource Files\LexerTests</Filter>
    </None>
    <None Include="TestSamples\LexerTests\IntegersErrors.kt">
      <Filter>Resource Files\LexerTests</Filter>
    </None>
    <None Include="TestSamples\LexerTests\BinIntsErrors.kt">
      <Filter>Resource Files\LexerTests</Filter>
    </None>
    <None Include="TestSamples\LexerTests\HexIntsErrors.kt">
      <Filter>Resource Files\LexerTests</Filter>
    </None>
    <None Include="TestSamples\LexerTests\DoubleErrors.kt">
      <Filter>Resource Files\LexerTests</Filter>
    </None>
    <None Include="TestSamples\LexerTests\SimpleErrors.kt">
      <Filter>Resource Files\LexerTests</Filter>
    </None>
    <None Include="TestSamples\LexerTests\CharLiterals.kt">
      <Filter>Resource Files\LexerTests</Filter>
    </None>
    <None Include="TestSamples\LexerTests\StringsCharErrors.kt">
      <Filter>Resource Files\LexerTests</Filter>
    </None>
    <None Include="TestSamples\LexerTests\EscapedIds.kt">
      <Filter>Resource Files\LexerTests</Filter>
    </None>
    <None Include="TestSamples\LexerTests\EscapedIdsErrors.kt">
      <Filter>Resource Files\LexerTests</Filter>
    </None>
    <None Include="TestSamples\LexerTests\GenericsExample.kt">
      <Filter>Resource Files\LexerTests</Filter>
    </None>
    <None Include="TestSamples\LexerTests\InheritanceExample.kt">
      <Filter>Resource Files\LexerTests</Filter>
    </None>
    <None Include="TestSamples\LexerTests\LambdasExample.kt">
      <Filter>Resource Files\LexerTests</Filter>
    </None>
    <None Include="TestSamples\LexerTests\ExtensionsExample.kt">
      <Filter>Resource Files\LexerTests</Filter>
    </None>
    <None Include="TestSamples\LexerTests\StringTemplates.kt">
      <Filter>Resource Files\LexerTests</Filter>
    </None>
    <None Include="TestSamples\LexerTests\RawStringTemplates.kt">
      <Filter>Resource Files\LexerTests</Filter>
    </None>
    <None Include="TestSamples\LexerTests\StringNestedTemplates.kt">
      <Filter>Resource Files\LexerTests</Filter>
    </None>
    <None Include="TestSamples\LexerTests\StringTemplatesErrors2.kt">
      <Filter>Resource Files\LexerTests</Filter>
    </None>
    <None Include="TestSamples\LexerTests\StringTemplatesErrors1.kt">
      <Filter>Resource Files\LexerTests</Filter>
    </None>
    <None Include="TestSamples\LexerTests\IntegerTypes.kt">
      <Filter>Resource Files\LexerTests</Filter>
    </None>
    <None Include="TestSamples\LexerTests\IntegersOutOfRangeErrors.kt">
      <Filter>Resource Files\LexerTests</Filter>
    </None>
  </ItemGroup>
  <ItemGroup>
    <ClCompile Include="InputBufferTest.cpp">
      <Filter>Source Files</Filter>
    </ClCompile>
    <ClCompile Include="LexerTests.cpp">
      <Filter>Source Files</Filter>
    </ClCompile>
  </ItemGroup>
  <ItemGroup>
    <Text Include="TestSamples\LexerTests\Strings.kt">
      <Filter>Resource Files\LexerTests</Filter>
    </Text>
    <Text Include="TestSamples\LexerTests\BinInts.kt">
      <Filter>Resource Files\LexerTests</Filter>
    </Text>
  </ItemGroup>
</Project>