<?xml version="1.0" encoding="utf-8"?>
<Project ToolsVersion="4.0" xmlns="http://schemas.microsoft.com/developer/msbuild/2003">
  <ItemGroup>
    <Filter Include="Source Files">
      <UniqueIdentifier>{4FC737F1-C7A5-4376-A066-2A32D752A2FF}</UniqueIdentifier>
      <Extensions>cpp;c;cc;cxx;c++;cppm;ixx;def;odl;idl;hpj;bat;asm;asmx</Extensions>
    </Filter>
    <Filter Include="Header Files">
      <UniqueIdentifier>{93995380-89BD-4b04-88EB-625FBE52EBFB}</UniqueIdentifier>
      <Extensions>h;hh;hpp;hxx;h++;hm;inl;inc;ipp;xsd</Extensions>
    </Filter>
    <Filter Include="Resource Files">
      <UniqueIdentifier>{67DA6AB6-F800-4c08-8B7A-83BB121AAD01}</UniqueIdentifier>
      <Extensions>rc;ico;cur;bmp;dlg;rc2;rct;bin;rgs;gif;jpg;jpeg;jpe;resx;tiff;tif;png;wav;mfcribbon-ms</Extensions>
    </Filter>
    <Filter Include="Header Files\Lexer">
      <UniqueIdentifier>{8dcafca0-1f65-4657-a3e2-a5b393f0c076}</UniqueIdentifier>
    </Filter>
    <Filter Include="Source Files\Lexer">
      <UniqueIdentifier>{7bb8ded4-4ed8-4236-939d-9620eb3b8c9a}</UniqueIdentifier>
    </Filter>
    <Filter Include="Header Files\Parser">
      <UniqueIdentifier>{eaf91d47-01d6-452f-af64-1f85f01e96ff}</UniqueIdentifier>
    </Filter>
    <Filter Include="Source Files\Parser">
      <UniqueIdentifier>{47aaa709-6439-433f-9b92-415a4a308d5f}</UniqueIdentifier>
    </Filter>
    <Filter Include="Header Files\Parser\Semantics">
      <UniqueIdentifier>{2d51bd10-5637-454c-ba86-bdb4cc214fca}</UniqueIdentifier>
    </Filter>
    <Filter Include="Source Files\Parser\Semantics">
      <UniqueIdentifier>{bdcda25c-3992-41a3-9a9b-4bc78d4c39bb}</UniqueIdentifier>
    </Filter>
  </ItemGroup>
  <ItemGroup>
    <ClInclude Include="pch.h">
      <Filter>Header Files</Filter>
    </ClInclude>
    <ClInclude Include="InputBuffer.h">
      <Filter>Header Files</Filter>
    </ClInclude>
    <ClInclude Include="Lexer\Lexeme.h">
      <Filter>Header Files\Lexer</Filter>
    </ClInclude>
    <ClInclude Include="Lexer\Lexer.h">
      <Filter>Header Files\Lexer</Filter>
    </ClInclude>
    <ClInclude Include="Parser\Parser.h">
      <Filter>Header Files\Parser</Filter>
    </ClInclude>
    <ClInclude Include="Parser\ISyntaxNode.h">
      <Filter>Header Files\Parser</Filter>
    </ClInclude>
    <ClInclude Include="Parser\SimpleNodes.h">
      <Filter>Header Files\Parser</Filter>
    </ClInclude>
    <ClInclude Include="Parser\ExpressionNodes.h">
      <Filter>Header Files\Parser</Filter>
    </ClInclude>
    <ClInclude Include="magic_enum.hpp">
      <Filter>Header Files</Filter>
    </ClInclude>
    <ClInclude Include="Lexer\LexerUtils.h">
      <Filter>Header Files\Lexer</Filter>
    </ClInclude>
    <ClInclude Include="Parser\INodeVisitor.h">
      <Filter>Header Files\Parser</Filter>
    </ClInclude>
    <ClInclude Include="Parser\ParserUtils.h">
      <Filter>Header Files\Parser</Filter>
    </ClInclude>
    <ClInclude Include="Parser\DeclarationNodes.h">
      <Filter>Header Files\Parser</Filter>
    </ClInclude>
    <ClInclude Include="Parser\StatementNodes.h">
      <Filter>Header Files\Parser</Filter>
    </ClInclude>
    <ClInclude Include="Parser\Semantics\Symbols.h">
      <Filter>Header Files\Parser\Semantics</Filter>
    </ClInclude>
    <ClInclude Include="Parser\Semantics\SymbolTable.h">
      <Filter>Header Files\Parser\Semantics</Filter>
    </ClInclude>
    <ClInclude Include="Parser\Semantics\FunctionSymbol.h">
      <Filter>Header Files\Parser\Semantics</Filter>
    </ClInclude>
    <ClInclude Include="Parser\Semantics\ClassSymbol.h">
      <Filter>Header Files\Parser\Semantics</Filter>
    </ClInclude>
    <ClInclude Include="Parser\IVisitable.h">
      <Filter>Header Files\Parser</Filter>
    </ClInclude>
    <ClInclude Include="Parser\Semantics\SemanticsChecker.h">
      <Filter>Header Files\Parser\Semantics</Filter>
    </ClInclude>
    <ClInclude Include="Parser\ParserError.h">
      <Filter>Header Files\Parser</Filter>
    </ClInclude>
  </ItemGroup>
  <ItemGroup>
    <ClCompile Include="pch.cpp">
      <Filter>Source Files</Filter>
    </ClCompile>
    <ClCompile Include="Lexer\Lexeme.cpp">
      <Filter>Source Files\Lexer</Filter>
    </ClCompile>
    <ClCompile Include="Parser\Parser.cpp">
      <Filter>Source Files\Parser</Filter>
    </ClCompile>
    <ClCompile Include="Parser\ISyntaxNode.cpp">
      <Filter>Source Files\Parser</Filter>
    </ClCompile>
    <ClCompile Include="Parser\SimpleNodes.cpp">
      <Filter>Source Files\Parser</Filter>
    </ClCompile>
    <ClCompile Include="Parser\ExpressionNodes.cpp">
      <Filter>Source Files\Parser</Filter>
    </ClCompile>
    <ClCompile Include="Lexer\LexerUtils.cpp">
      <Filter>Source Files\Lexer</Filter>
    </ClCompile>
    <ClCompile Include="Lexer\Lexer.cpp">
      <Filter>Source Files\Lexer</Filter>
    </ClCompile>
    <ClCompile Include="Parser\INodeVisitor.cpp">
      <Filter>Source Files\Parser</Filter>
    </ClCompile>
    <ClCompile Include="Parser\DeclarationNodes.cpp">
      <Filter>Source Files\Parser</Filter>
    </ClCompile>
    <ClCompile Include="Parser\ParserUtils.cpp">
      <Filter>Source Files\Parser</Filter>
    </ClCompile>
    <ClCompile Include="Parser\StatementNodes.cpp">
      <Filter>Source Files\Parser</Filter>
    </ClCompile>
    <ClCompile Include="Parser\Semantics\SymbolTable.cpp">
      <Filter>Source Files\Parser\Semantics</Filter>
    </ClCompile>
    <ClCompile Include="Parser\Semantics\FunctionSymbol.cpp">
      <Filter>Source Files\Parser\Semantics</Filter>
    </ClCompile>
    <ClCompile Include="Parser\Semantics\ClassSymbol.cpp">
      <Filter>Source Files\Parser\Semantics</Filter>
    </ClCompile>
    <ClCompile Include="Parser\IVisitable.cpp">
      <Filter>Source Files\Parser</Filter>
    </ClCompile>
    <ClCompile Include="Parser\Semantics\SemanticsChecker.cpp">
      <Filter>Source Files\Parser\Semantics</Filter>
    </ClCompile>
    <ClCompile Include="Parser\Semantics\Symbols.cpp">
      <Filter>Source Files\Parser\Semantics</Filter>
    </ClCompile>
    <ClCompile Include="Parser\ParserError.cpp">
      <Filter>Source Files\Parser</Filter>
    </ClCompile>
  </ItemGroup>
</Project>